
Microsoft Visual Studio Solution File, Format Version 12.00
# Visual Studio 15
VisualStudioVersion = 15.0.26730.8
MinimumVisualStudioVersion = 10.0.40219.1
Project("{FAE04EC0-301F-11D3-BF4B-00C04F79EFBC}") = "CodeFirstSample", "CodeFirstSample\CodeFirstSample.csproj", "{24A5AF2A-AFDE-45BA-8019-5D0F0D01A883}"
EndProject
Global
	GlobalSection(SolutionConfigurationPlatforms) = preSolution
		Debug|Any CPU = Debug|Any CPU
		Release|Any CPU = Release|Any CPU
	EndGlobalSection
	GlobalSection(ProjectConfigurationPlatforms) = postSolution
		{24A5AF2A-AFDE-45BA-8019-5D0F0D01A883}.Debug|Any CPU.ActiveCfg = Debug|Any CPU
		{24A5AF2A-AFDE-45BA-8019-5D0F0D01A883}.Debug|Any CPU.Build.0 = Debug|Any CPU
		{24A5AF2A-AFDE-45BA-8019-5D0F0D01A883}.Release|Any CPU.ActiveCfg = Release|Any CPU
		{24A5AF2A-AFDE-45BA-8019-5D0F0D01A883}.Release|Any CPU.Build.0 = Release|Any CPU
	EndGlobalSection
	GlobalSection(SolutionProperties) = preSolution
		HideSolutionNode = FALSE
	EndGlobalSection
	GlobalSection(ExtensibilityGlobals) = postSolution
		SolutionGuid = {001E6975-332E-4157-9523-8358298D3874}
	EndGlobalSection
EndGlobal
